<?xml version="1.0" encoding="utf-8"?>
<Project ToolsVersion="4.0" xmlns="http://schemas.microsoft.com/developer/msbuild/2003">
  <ItemGroup>
    <ClCompile Include="test_symd.cpp" />
    <ClCompile Include="test_symd_register.cpp" />
  </ItemGroup>
  <ItemGroup>
    <ClInclude Include="include\symd.h">
      <Filter>include</Filter>
    </ClInclude>
    <ClInclude Include="include\internal\region.h">
      <Filter>include\internal</Filter>
    </ClInclude>
    <ClInclude Include="include\internal\symd_register.h">
      <Filter>include\internal</Filter>
    </ClInclude>
    <ClInclude Include="include\internal\multi_output.h">
      <Filter>include\internal</Filter>
    </ClInclude>
    <ClInclude Include="include\internal\stencil_view.h">
      <Filter>include\internal</Filter>
    </ClInclude>
    <ClInclude Include="include\internal\data_view.h">
      <Filter>include\internal</Filter>
    </ClInclude>
    <ClInclude Include="include\internal\basic_views.h">
      <Filter>include\internal</Filter>
    </ClInclude>
    <ClInclude Include="include\internal\sub_view.h">
      <Filter>include\internal</Filter>
    </ClInclude>
    <ClInclude Include="include\internal\reduce_view.h">
      <Filter>include\internal</Filter>
    </ClInclude>
  </ItemGroup>
  <ItemGroup>
    <Filter Include="include">
      <UniqueIdentifier>{dde8789c-235d-4346-834a-3655ec7b9c9f}</UniqueIdentifier>
    </Filter>
    <Filter Include="include\internal">
      <UniqueIdentifier>{a3859a48-0223-4018-a98d-b7d123c1220d}</UniqueIdentifier>
    </Filter>
  </ItemGroup>
</Project>